<?xml version="1.0" encoding="utf-8"?>
<Project ToolsVersion="4.0" xmlns="http://schemas.microsoft.com/developer/msbuild/2003">
  <ItemGroup>
    <Filter Include="Archivos de origen">
      <UniqueIdentifier>{4FC737F1-C7A5-4376-A066-2A32D752A2FF}</UniqueIdentifier>
      <Extensions>cpp;c;cc;cxx;c++;cppm;ixx;def;odl;idl;hpj;bat;asm;asmx</Extensions>
    </Filter>
    <Filter Include="Archivos de encabezado">
      <UniqueIdentifier>{93995380-89BD-4b04-88EB-625FBE52EBFB}</UniqueIdentifier>
      <Extensions>h;hh;hpp;hxx;h++;hm;inl;inc;ipp;xsd</Extensions>
    </Filter>
    <Filter Include="Archivos de recursos">
      <UniqueIdentifier>{67DA6AB6-F800-4c08-8B7A-83BB121AAD01}</UniqueIdentifier>
      <Extensions>rc;ico;cur;bmp;dlg;rc2;rct;bin;rgs;gif;jpg;jpeg;jpe;resx;tiff;tif;png;wav;mfcribbon-ms</Extensions>
    </Filter>
    <Filter Include="Archivos de recursos\Textures">
      <UniqueIdentifier>{5beb261e-0ce7-4ab3-ba84-6ea39356a3d0}</UniqueIdentifier>
    </Filter>
  </ItemGroup>
  <ItemGroup>
    <ClInclude Include="Game.h">
      <Filter>Archivos de encabezado</Filter>
    </ClInclude>
    <ClInclude Include="SkyBox.h">
      <Filter>Archivos de encabezado</Filter>
    </ClInclude>
    <ClInclude Include="..\..\..\OneDrive\Documentos\5S1-Co clase IA\programacion grafica_3TCo\OpenGL\OpenGL\include\STB\stb_image.h">
      <Filter>Archivos de encabezado</Filter>
    </ClInclude>
    <ClInclude Include="Jugador.h">
      <Filter>Archivos de encabezado</Filter>
    </ClInclude>
  </ItemGroup>
  <ItemGroup>
    <ClCompile Include="SkyBox.cpp">
      <Filter>Archivos de origen</Filter>
    </ClCompile>
    <ClCompile Include="stb_image.cpp">
      <Filter>Archivos de origen</Filter>
    </ClCompile>
  </ItemGroup>
  <ItemGroup>
    <Image Include="skybox_bosque_izquierd.jpg">
      <Filter>Archivos de recursos\Textures</Filter>
    </Image>
    <Image Include="skybox_bosque_frente.jpg">
      <Filter>Archivos de recursos\Textures</Filter>
    </Image>
    <Image Include="skybox_bosque_derecha.jpg">
      <Filter>Archivos de recursos\Textures</Filter>
    </Image>
    <Image Include="skybox_bosque_atras.jpg">
      <Filter>Archivos de recursos\Textures</Filter>
    </Image>
    <Image Include="skybox_bosque_arriba.jpg">
      <Filter>Archivos de recursos\Textures</Filter>
    </Image>
    <Image Include="skybox_bosque_abajo.jpg">
      <Filter>Archivos de recursos\Textures</Filter>
    </Image>
  </ItemGroup>
</Project>